
Microsoft Visual Studio Solution File, Format Version 12.00
# Visual Studio Version 17
VisualStudioVersion = 17.6.33829.357
MinimumVisualStudioVersion = 10.0.40219.1
Project("{9A19103F-16F7-4668-BE54-9A1E7A4F7556}") = "Nivan", "Nivan.csproj", "{E86884F0-692F-42A4-922F-5E306B9AB17C}"
EndProject
Global
	GlobalSection(SolutionConfigurationPlatforms) = preSolution
		Debug|Any CPU = Debug|Any CPU
		Release|Any CPU = Release|Any CPU
	EndGlobalSection
	GlobalSection(ProjectConfigurationPlatforms) = postSolution
		{E86884F0-692F-42A4-922F-5E306B9AB17C}.Debug|Any CPU.ActiveCfg = Debug|Any CPU
		{E86884F0-692F-42A4-922F-5E306B9AB17C}.Debug|Any CPU.Build.0 = Debug|Any CPU
		{E86884F0-692F-42A4-922F-5E306B9AB17C}.Release|Any CPU.ActiveCfg = Release|Any CPU
		{E86884F0-692F-42A4-922F-5E306B9AB17C}.Release|Any CPU.Build.0 = Release|Any CPU
	EndGlobalSection
	GlobalSection(SolutionProperties) = preSolution
		HideSolutionNode = FALSE
	EndGlobalSection
	GlobalSection(ExtensibilityGlobals) = postSolution
		SolutionGuid = {30BB1C3B-5416-461A-8979-4534B4BCE423}
	EndGlobalSection
EndGlobal
